
Microsoft Visual Studio Solution File, Format Version 12.00
# Visual Studio Version 16
VisualStudioVersion = 16.0.31729.503
MinimumVisualStudioVersion = 10.0.40219.1
Project("{FAE04EC0-301F-11D3-BF4B-00C04F79EFBC}") = "DSCC_CW1_8699_API", "DSCC_CW1_8699_API\DSCC_CW1_8699_API.csproj", "{2B302E39-73B9-4B1C-8FCF-2C1841269C02}"
EndProject
Global
	GlobalSection(SolutionConfigurationPlatforms) = preSolution
		Debug|Any CPU = Debug|Any CPU
		Release|Any CPU = Release|Any CPU
	EndGlobalSection
	GlobalSection(ProjectConfigurationPlatforms) = postSolution
		{2B302E39-73B9-4B1C-8FCF-2C1841269C02}.Debug|Any CPU.ActiveCfg = Debug|Any CPU
		{2B302E39-73B9-4B1C-8FCF-2C1841269C02}.Debug|Any CPU.Build.0 = Debug|Any CPU
		{2B302E39-73B9-4B1C-8FCF-2C1841269C02}.Release|Any CPU.ActiveCfg = Release|Any CPU
		{2B302E39-73B9-4B1C-8FCF-2C1841269C02}.Release|Any CPU.Build.0 = Release|Any CPU
	EndGlobalSection
	GlobalSection(SolutionProperties) = preSolution
		HideSolutionNode = FALSE
	EndGlobalSection
	GlobalSection(ExtensibilityGlobals) = postSolution
		SolutionGuid = {3409AA66-D597-4641-AC5E-FC7ACD196609}
	EndGlobalSection
EndGlobal
